// !$*UTF8*$!
{
	archiveVersion = 1;
	classes = {
	};
	objectVersion = 56;
	objects = {

/* Begin PBXBuildFile section */
		26C9E2152B594E30009CAD4C /* AppDelegate.swift in Sources */ = {isa = PBXBuildFile; fileRef = 26C9E2142B594E30009CAD4C /* AppDelegate.swift */; };
		26C9E2172B594E30009CAD4C /* SceneDelegate.swift in Sources */ = {isa = PBXBuildFile; fileRef = 26C9E2162B594E30009CAD4C /* SceneDelegate.swift */; };
		26C9E2192B594E30009CAD4C /* HomeViewController.swift in Sources */ = {isa = PBXBuildFile; fileRef = 26C9E2182B594E30009CAD4C /* HomeViewController.swift */; };
		26C9E21E2B594E34009CAD4C /* Assets.xcassets in Resources */ = {isa = PBXBuildFile; fileRef = 26C9E21D2B594E34009CAD4C /* Assets.xcassets */; };
		26C9E2212B594E34009CAD4C /* LaunchScreen.storyboard in Resources */ = {isa = PBXBuildFile; fileRef = 26C9E21F2B594E34009CAD4C /* LaunchScreen.storyboard */; };
		26C9E2452B5BE9E5009CAD4C /* ListItem.swift in Sources */ = {isa = PBXBuildFile; fileRef = 26C9E2442B5BE9E5009CAD4C /* ListItem.swift */; };
		26C9E2472B5BEC08009CAD4C /* ListItemCell.swift in Sources */ = {isa = PBXBuildFile; fileRef = 26C9E2462B5BEC08009CAD4C /* ListItemCell.swift */; };
		26C9E2542B5D1AFE009CAD4C /* CachedImageDataLoaderTests.swift in Sources */ = {isa = PBXBuildFile; fileRef = 26C9E2532B5D1AFE009CAD4C /* CachedImageDataLoaderTests.swift */; };
		26C9E2562B5D1B4C009CAD4C /* CachedImageDataLoader.swift in Sources */ = {isa = PBXBuildFile; fileRef = 26C9E2552B5D1B4C009CAD4C /* CachedImageDataLoader.swift */; };
		26C9E2582B5D1BB2009CAD4C /* HTTPClient.swift in Sources */ = {isa = PBXBuildFile; fileRef = 26C9E2572B5D1BB2009CAD4C /* HTTPClient.swift */; };
		26C9E25A2B5D1C62009CAD4C /* URSessionHTTPClient.swift in Sources */ = {isa = PBXBuildFile; fileRef = 26C9E2592B5D1C62009CAD4C /* URSessionHTTPClient.swift */; };
		26C9E25C2B5D1CB5009CAD4C /* URLSessionHTTPClientTests.swift in Sources */ = {isa = PBXBuildFile; fileRef = 26C9E25B2B5D1CB5009CAD4C /* URLSessionHTTPClientTests.swift */; };
		26C9E25E2B5D21BE009CAD4C /* URLProtocolStub.swift in Sources */ = {isa = PBXBuildFile; fileRef = 26C9E25D2B5D21BE009CAD4C /* URLProtocolStub.swift */; };
		26C9E2612B5D22F2009CAD4C /* MemoryLeakTracking.swift in Sources */ = {isa = PBXBuildFile; fileRef = 26C9E2602B5D22F2009CAD4C /* MemoryLeakTracking.swift */; };
		26C9E2632B5D26B1009CAD4C /* TestHelpers.swift in Sources */ = {isa = PBXBuildFile; fileRef = 26C9E2622B5D26B1009CAD4C /* TestHelpers.swift */; };
		26C9E2672B5D7775009CAD4C /* AsyncUIImageView.swift in Sources */ = {isa = PBXBuildFile; fileRef = 26C9E2662B5D7775009CAD4C /* AsyncUIImageView.swift */; };
		26C9E2692B5D77C6009CAD4C /* UIView.swift in Sources */ = {isa = PBXBuildFile; fileRef = 26C9E2682B5D77C5009CAD4C /* UIView.swift */; };
		26C9E2752B5D9452009CAD4C /* PlistHelper.swift in Sources */ = {isa = PBXBuildFile; fileRef = 26C9E2742B5D9452009CAD4C /* PlistHelper.swift */; };
		26C9E2772B5D9536009CAD4C /* Bundle.swift in Sources */ = {isa = PBXBuildFile; fileRef = 26C9E2762B5D9536009CAD4C /* Bundle.swift */; };
/* End PBXBuildFile section */

/* Begin PBXContainerItemProxy section */
		26C9E2282B594E34009CAD4C /* PBXContainerItemProxy */ = {
			isa = PBXContainerItemProxy;
			containerPortal = 26C9E2092B594E30009CAD4C /* Project object */;
			proxyType = 1;
			remoteGlobalIDString = 26C9E2102B594E30009CAD4C;
			remoteInfo = "Test Leboncoin";
		};
/* End PBXContainerItemProxy section */

/* Begin PBXFileReference section */
		26C9E2112B594E30009CAD4C /* Test Leboncoin.app */ = {isa = PBXFileReference; explicitFileType = wrapper.application; includeInIndex = 0; path = "Test Leboncoin.app"; sourceTree = BUILT_PRODUCTS_DIR; };
		26C9E2142B594E30009CAD4C /* AppDelegate.swift */ = {isa = PBXFileReference; lastKnownFileType = sourcecode.swift; path = AppDelegate.swift; sourceTree = "<group>"; };
		26C9E2162B594E30009CAD4C /* SceneDelegate.swift */ = {isa = PBXFileReference; lastKnownFileType = sourcecode.swift; path = SceneDelegate.swift; sourceTree = "<group>"; };
		26C9E2182B594E30009CAD4C /* HomeViewController.swift */ = {isa = PBXFileReference; lastKnownFileType = sourcecode.swift; path = HomeViewController.swift; sourceTree = "<group>"; };
		26C9E21D2B594E34009CAD4C /* Assets.xcassets */ = {isa = PBXFileReference; lastKnownFileType = folder.assetcatalog; path = Assets.xcassets; sourceTree = "<group>"; };
		26C9E2202B594E34009CAD4C /* Base */ = {isa = PBXFileReference; lastKnownFileType = file.storyboard; name = Base; path = Base.lproj/LaunchScreen.storyboard; sourceTree = "<group>"; };
		26C9E2222B594E34009CAD4C /* Info.plist */ = {isa = PBXFileReference; lastKnownFileType = text.plist.xml; path = Info.plist; sourceTree = "<group>"; };
		26C9E2272B594E34009CAD4C /* Test LeboncoinTests.xctest */ = {isa = PBXFileReference; explicitFileType = wrapper.cfbundle; includeInIndex = 0; path = "Test LeboncoinTests.xctest"; sourceTree = BUILT_PRODUCTS_DIR; };
		26C9E2442B5BE9E5009CAD4C /* ListItem.swift */ = {isa = PBXFileReference; lastKnownFileType = sourcecode.swift; path = ListItem.swift; sourceTree = "<group>"; };
		26C9E2462B5BEC08009CAD4C /* ListItemCell.swift */ = {isa = PBXFileReference; lastKnownFileType = sourcecode.swift; path = ListItemCell.swift; sourceTree = "<group>"; };
		26C9E2532B5D1AFE009CAD4C /* CachedImageDataLoaderTests.swift */ = {isa = PBXFileReference; lastKnownFileType = sourcecode.swift; path = CachedImageDataLoaderTests.swift; sourceTree = "<group>"; };
		26C9E2552B5D1B4C009CAD4C /* CachedImageDataLoader.swift */ = {isa = PBXFileReference; lastKnownFileType = sourcecode.swift; path = CachedImageDataLoader.swift; sourceTree = "<group>"; };
		26C9E2572B5D1BB2009CAD4C /* HTTPClient.swift */ = {isa = PBXFileReference; lastKnownFileType = sourcecode.swift; path = HTTPClient.swift; sourceTree = "<group>"; };
		26C9E2592B5D1C62009CAD4C /* URSessionHTTPClient.swift */ = {isa = PBXFileReference; lastKnownFileType = sourcecode.swift; path = URSessionHTTPClient.swift; sourceTree = "<group>"; };
		26C9E25B2B5D1CB5009CAD4C /* URLSessionHTTPClientTests.swift */ = {isa = PBXFileReference; lastKnownFileType = sourcecode.swift; path = URLSessionHTTPClientTests.swift; sourceTree = "<group>"; };
		26C9E25D2B5D21BE009CAD4C /* URLProtocolStub.swift */ = {isa = PBXFileReference; lastKnownFileType = sourcecode.swift; path = URLProtocolStub.swift; sourceTree = "<group>"; };
		26C9E2602B5D22F2009CAD4C /* MemoryLeakTracking.swift */ = {isa = PBXFileReference; lastKnownFileType = sourcecode.swift; path = MemoryLeakTracking.swift; sourceTree = "<group>"; };
		26C9E2622B5D26B1009CAD4C /* TestHelpers.swift */ = {isa = PBXFileReference; lastKnownFileType = sourcecode.swift; path = TestHelpers.swift; sourceTree = "<group>"; };
		26C9E2662B5D7775009CAD4C /* AsyncUIImageView.swift */ = {isa = PBXFileReference; lastKnownFileType = sourcecode.swift; path = AsyncUIImageView.swift; sourceTree = "<group>"; };
		26C9E2682B5D77C5009CAD4C /* UIView.swift */ = {isa = PBXFileReference; fileEncoding = 4; lastKnownFileType = sourcecode.swift; path = UIView.swift; sourceTree = "<group>"; };
		26C9E2732B5D923C009CAD4C /* Config.xcconfig */ = {isa = PBXFileReference; lastKnownFileType = text.xcconfig; path = Config.xcconfig; sourceTree = "<group>"; };
		26C9E2742B5D9452009CAD4C /* PlistHelper.swift */ = {isa = PBXFileReference; lastKnownFileType = sourcecode.swift; path = PlistHelper.swift; sourceTree = "<group>"; };
		26C9E2762B5D9536009CAD4C /* Bundle.swift */ = {isa = PBXFileReference; lastKnownFileType = sourcecode.swift; path = Bundle.swift; sourceTree = "<group>"; };
/* End PBXFileReference section */

/* Begin PBXFrameworksBuildPhase section */
		26C9E20E2B594E30009CAD4C /* Frameworks */ = {
			isa = PBXFrameworksBuildPhase;
			buildActionMask = 2147483647;
			files = (
			);
			runOnlyForDeploymentPostprocessing = 0;
		};
		26C9E2242B594E34009CAD4C /* Frameworks */ = {
			isa = PBXFrameworksBuildPhase;
			buildActionMask = 2147483647;
			files = (
			);
			runOnlyForDeploymentPostprocessing = 0;
		};
/* End PBXFrameworksBuildPhase section */

/* Begin PBXGroup section */
		26C9E2082B594E30009CAD4C = {
			isa = PBXGroup;
			children = (
				26C9E2132B594E30009CAD4C /* Test Leboncoin */,
				26C9E22A2B594E34009CAD4C /* Test LeboncoinTests */,
				26C9E2122B594E30009CAD4C /* Products */,
			);
			sourceTree = "<group>";
		};
		26C9E2122B594E30009CAD4C /* Products */ = {
			isa = PBXGroup;
			children = (
				26C9E2112B594E30009CAD4C /* Test Leboncoin.app */,
				26C9E2272B594E34009CAD4C /* Test LeboncoinTests.xctest */,
			);
			name = Products;
			sourceTree = "<group>";
		};
		26C9E2132B594E30009CAD4C /* Test Leboncoin */ = {
			isa = PBXGroup;
			children = (
				26C9E2142B594E30009CAD4C /* AppDelegate.swift */,
				26C9E2162B594E30009CAD4C /* SceneDelegate.swift */,
				26C9E26A2B5D7ADD009CAD4C /* Components */,
				26C9E24B2B5C0C38009CAD4C /* Extensions */,
				26C9E24A2B5C0BE3009CAD4C /* Models */,
				26C9E26B2B5D7CA8009CAD4C /* Networking */,
				26C9E2182B594E30009CAD4C /* HomeViewController.swift */,
				26C9E2462B5BEC08009CAD4C /* ListItemCell.swift */,
				26C9E21D2B594E34009CAD4C /* Assets.xcassets */,
				26C9E21F2B594E34009CAD4C /* LaunchScreen.storyboard */,
				26C9E2222B594E34009CAD4C /* Info.plist */,
				26C9E2732B5D923C009CAD4C /* Config.xcconfig */,
				26C9E2742B5D9452009CAD4C /* PlistHelper.swift */,
			);
			path = "Test Leboncoin";
			sourceTree = "<group>";
		};
		26C9E22A2B594E34009CAD4C /* Test LeboncoinTests */ = {
			isa = PBXGroup;
			children = (
				26C9E2532B5D1AFE009CAD4C /* CachedImageDataLoaderTests.swift */,
				26C9E25B2B5D1CB5009CAD4C /* URLSessionHTTPClientTests.swift */,
				26C9E25F2B5D21C4009CAD4C /* Helpers */,
			);
			path = "Test LeboncoinTests";
			sourceTree = "<group>";
		};
		26C9E24A2B5C0BE3009CAD4C /* Models */ = {
			isa = PBXGroup;
			children = (
				26C9E2442B5BE9E5009CAD4C /* ListItem.swift */,
			);
			path = Models;
			sourceTree = "<group>";
		};
		26C9E24B2B5C0C38009CAD4C /* Extensions */ = {
			isa = PBXGroup;
			children = (
				26C9E2682B5D77C5009CAD4C /* UIView.swift */,
				26C9E2762B5D9536009CAD4C /* Bundle.swift */,
			);
			path = Extensions;
			sourceTree = "<group>";
		};
		26C9E25F2B5D21C4009CAD4C /* Helpers */ = {
			isa = PBXGroup;
			children = (
				26C9E25D2B5D21BE009CAD4C /* URLProtocolStub.swift */,
				26C9E2602B5D22F2009CAD4C /* MemoryLeakTracking.swift */,
				26C9E2622B5D26B1009CAD4C /* TestHelpers.swift */,
			);
			path = Helpers;
			sourceTree = "<group>";
		};
		26C9E26A2B5D7ADD009CAD4C /* Components */ = {
			isa = PBXGroup;
			children = (
				26C9E2662B5D7775009CAD4C /* AsyncUIImageView.swift */,
			);
			path = Components;
			sourceTree = "<group>";
		};
		26C9E26B2B5D7CA8009CAD4C /* Networking */ = {
			isa = PBXGroup;
			children = (
				26C9E2572B5D1BB2009CAD4C /* HTTPClient.swift */,
				26C9E2592B5D1C62009CAD4C /* URSessionHTTPClient.swift */,
				26C9E26C2B5D7CCE009CAD4C /* Data loaders */,
			);
			path = Networking;
			sourceTree = "<group>";
		};
		26C9E26C2B5D7CCE009CAD4C /* Data loaders */ = {
			isa = PBXGroup;
			children = (
				26C9E2552B5D1B4C009CAD4C /* CachedImageDataLoader.swift */,
			);
			path = "Data loaders";
			sourceTree = "<group>";
		};
/* End PBXGroup section */

/* Begin PBXNativeTarget section */
		26C9E2102B594E30009CAD4C /* Test Leboncoin */ = {
			isa = PBXNativeTarget;
			buildConfigurationList = 26C9E23B2B594E34009CAD4C /* Build configuration list for PBXNativeTarget "Test Leboncoin" */;
			buildPhases = (
				26C9E20D2B594E30009CAD4C /* Sources */,
				26C9E20E2B594E30009CAD4C /* Frameworks */,
				26C9E20F2B594E30009CAD4C /* Resources */,
			);
			buildRules = (
			);
			dependencies = (
			);
			name = "Test Leboncoin";
			productName = "Test Leboncoin";
			productReference = 26C9E2112B594E30009CAD4C /* Test Leboncoin.app */;
			productType = "com.apple.product-type.application";
		};
		26C9E2262B594E34009CAD4C /* Test LeboncoinTests */ = {
			isa = PBXNativeTarget;
			buildConfigurationList = 26C9E23E2B594E34009CAD4C /* Build configuration list for PBXNativeTarget "Test LeboncoinTests" */;
			buildPhases = (
				26C9E2232B594E34009CAD4C /* Sources */,
				26C9E2242B594E34009CAD4C /* Frameworks */,
				26C9E2252B594E34009CAD4C /* Resources */,
			);
			buildRules = (
			);
			dependencies = (
				26C9E2292B594E34009CAD4C /* PBXTargetDependency */,
			);
			name = "Test LeboncoinTests";
			productName = "Test LeboncoinTests";
			productReference = 26C9E2272B594E34009CAD4C /* Test LeboncoinTests.xctest */;
			productType = "com.apple.product-type.bundle.unit-test";
		};
/* End PBXNativeTarget section */

/* Begin PBXProject section */
		26C9E2092B594E30009CAD4C /* Project object */ = {
			isa = PBXProject;
			attributes = {
				BuildIndependentTargetsInParallel = 1;
				LastSwiftUpdateCheck = 1520;
				LastUpgradeCheck = 1520;
				TargetAttributes = {
					26C9E2102B594E30009CAD4C = {
						CreatedOnToolsVersion = 15.2;
					};
					26C9E2262B594E34009CAD4C = {
						CreatedOnToolsVersion = 15.2;
						LastSwiftMigration = 1520;
						TestTargetID = 26C9E2102B594E30009CAD4C;
					};
				};
			};
			buildConfigurationList = 26C9E20C2B594E30009CAD4C /* Build configuration list for PBXProject "Test Leboncoin" */;
			compatibilityVersion = "Xcode 14.0";
			developmentRegion = en;
			hasScannedForEncodings = 0;
			knownRegions = (
				en,
				Base,
			);
			mainGroup = 26C9E2082B594E30009CAD4C;
			productRefGroup = 26C9E2122B594E30009CAD4C /* Products */;
			projectDirPath = "";
			projectRoot = "";
			targets = (
				26C9E2102B594E30009CAD4C /* Test Leboncoin */,
				26C9E2262B594E34009CAD4C /* Test LeboncoinTests */,
			);
		};
/* End PBXProject section */

/* Begin PBXResourcesBuildPhase section */
		26C9E20F2B594E30009CAD4C /* Resources */ = {
			isa = PBXResourcesBuildPhase;
			buildActionMask = 2147483647;
			files = (
				26C9E2212B594E34009CAD4C /* LaunchScreen.storyboard in Resources */,
				26C9E21E2B594E34009CAD4C /* Assets.xcassets in Resources */,
			);
			runOnlyForDeploymentPostprocessing = 0;
		};
		26C9E2252B594E34009CAD4C /* Resources */ = {
			isa = PBXResourcesBuildPhase;
			buildActionMask = 2147483647;
			files = (
			);
			runOnlyForDeploymentPostprocessing = 0;
		};
/* End PBXResourcesBuildPhase section */

/* Begin PBXSourcesBuildPhase section */
		26C9E20D2B594E30009CAD4C /* Sources */ = {
			isa = PBXSourcesBuildPhase;
			buildActionMask = 2147483647;
			files = (
				26C9E2452B5BE9E5009CAD4C /* ListItem.swift in Sources */,
				26C9E2192B594E30009CAD4C /* HomeViewController.swift in Sources */,
				26C9E2562B5D1B4C009CAD4C /* CachedImageDataLoader.swift in Sources */,
				26C9E2152B594E30009CAD4C /* AppDelegate.swift in Sources */,
				26C9E2752B5D9452009CAD4C /* PlistHelper.swift in Sources */,
				26C9E2582B5D1BB2009CAD4C /* HTTPClient.swift in Sources */,
				26C9E2472B5BEC08009CAD4C /* ListItemCell.swift in Sources */,
				26C9E25A2B5D1C62009CAD4C /* URSessionHTTPClient.swift in Sources */,
				26C9E2772B5D9536009CAD4C /* Bundle.swift in Sources */,
				26C9E2692B5D77C6009CAD4C /* UIView.swift in Sources */,
				26C9E2672B5D7775009CAD4C /* AsyncUIImageView.swift in Sources */,
				26C9E2172B594E30009CAD4C /* SceneDelegate.swift in Sources */,
			);
			runOnlyForDeploymentPostprocessing = 0;
		};
		26C9E2232B594E34009CAD4C /* Sources */ = {
			isa = PBXSourcesBuildPhase;
			buildActionMask = 2147483647;
			files = (
				26C9E2612B5D22F2009CAD4C /* MemoryLeakTracking.swift in Sources */,
				26C9E2632B5D26B1009CAD4C /* TestHelpers.swift in Sources */,
				26C9E2542B5D1AFE009CAD4C /* CachedImageDataLoaderTests.swift in Sources */,
				26C9E25E2B5D21BE009CAD4C /* URLProtocolStub.swift in Sources */,
				26C9E25C2B5D1CB5009CAD4C /* URLSessionHTTPClientTests.swift in Sources */,
			);
			runOnlyForDeploymentPostprocessing = 0;
		};
/* End PBXSourcesBuildPhase section */

/* Begin PBXTargetDependency section */
		26C9E2292B594E34009CAD4C /* PBXTargetDependency */ = {
			isa = PBXTargetDependency;
			target = 26C9E2102B594E30009CAD4C /* Test Leboncoin */;
			targetProxy = 26C9E2282B594E34009CAD4C /* PBXContainerItemProxy */;
		};
/* End PBXTargetDependency section */

/* Begin PBXVariantGroup section */
		26C9E21F2B594E34009CAD4C /* LaunchScreen.storyboard */ = {
			isa = PBXVariantGroup;
			children = (
				26C9E2202B594E34009CAD4C /* Base */,
			);
			name = LaunchScreen.storyboard;
			sourceTree = "<group>";
		};
/* End PBXVariantGroup section */

/* Begin XCBuildConfiguration section */
		26C9E2392B594E34009CAD4C /* Debug */ = {
			isa = XCBuildConfiguration;
			buildSettings = {
				ALWAYS_SEARCH_USER_PATHS = NO;
				ASSETCATALOG_COMPILER_GENERATE_SWIFT_ASSET_SYMBOL_EXTENSIONS = YES;
				CLANG_ANALYZER_NONNULL = YES;
				CLANG_ANALYZER_NUMBER_OBJECT_CONVERSION = YES_AGGRESSIVE;
				CLANG_CXX_LANGUAGE_STANDARD = "gnu++20";
				CLANG_ENABLE_MODULES = YES;
				CLANG_ENABLE_OBJC_ARC = YES;
				CLANG_ENABLE_OBJC_WEAK = YES;
				CLANG_WARN_BLOCK_CAPTURE_AUTORELEASING = YES;
				CLANG_WARN_BOOL_CONVERSION = YES;
				CLANG_WARN_COMMA = YES;
				CLANG_WARN_CONSTANT_CONVERSION = YES;
				CLANG_WARN_DEPRECATED_OBJC_IMPLEMENTATIONS = YES;
				CLANG_WARN_DIRECT_OBJC_ISA_USAGE = YES_ERROR;
				CLANG_WARN_DOCUMENTATION_COMMENTS = YES;
				CLANG_WARN_EMPTY_BODY = YES;
				CLANG_WARN_ENUM_CONVERSION = YES;
				CLANG_WARN_INFINITE_RECURSION = YES;
				CLANG_WARN_INT_CONVERSION = YES;
				CLANG_WARN_NON_LITERAL_NULL_CONVERSION = YES;
				CLANG_WARN_OBJC_IMPLICIT_RETAIN_SELF = YES;
				CLANG_WARN_OBJC_LITERAL_CONVERSION = YES;
				CLANG_WARN_OBJC_ROOT_CLASS = YES_ERROR;
				CLANG_WARN_QUOTED_INCLUDE_IN_FRAMEWORK_HEADER = YES;
				CLANG_WARN_RANGE_LOOP_ANALYSIS = YES;
				CLANG_WARN_STRICT_PROTOTYPES = YES;
				CLANG_WARN_SUSPICIOUS_MOVE = YES;
				CLANG_WARN_UNGUARDED_AVAILABILITY = YES_AGGRESSIVE;
				CLANG_WARN_UNREACHABLE_CODE = YES;
				CLANG_WARN__DUPLICATE_METHOD_MATCH = YES;
				COPY_PHASE_STRIP = NO;
				DEBUG_INFORMATION_FORMAT = dwarf;
				ENABLE_STRICT_OBJC_MSGSEND = YES;
				ENABLE_TESTABILITY = YES;
				ENABLE_USER_SCRIPT_SANDBOXING = YES;
				GCC_C_LANGUAGE_STANDARD = gnu17;
				GCC_DYNAMIC_NO_PIC = NO;
				GCC_NO_COMMON_BLOCKS = YES;
				GCC_OPTIMIZATION_LEVEL = 0;
				GCC_PREPROCESSOR_DEFINITIONS = (
					"DEBUG=1",
					"$(inherited)",
				);
				GCC_WARN_64_TO_32_BIT_CONVERSION = YES;
				GCC_WARN_ABOUT_RETURN_TYPE = YES_ERROR;
				GCC_WARN_UNDECLARED_SELECTOR = YES;
				GCC_WARN_UNINITIALIZED_AUTOS = YES_AGGRESSIVE;
				GCC_WARN_UNUSED_FUNCTION = YES;
				GCC_WARN_UNUSED_VARIABLE = YES;
				IPHONEOS_DEPLOYMENT_TARGET = 14.0;
				LOCALIZATION_PREFERS_STRING_CATALOGS = YES;
				MTL_ENABLE_DEBUG_INFO = INCLUDE_SOURCE;
				MTL_FAST_MATH = YES;
				ONLY_ACTIVE_ARCH = YES;
				SDKROOT = iphoneos;
				SWIFT_ACTIVE_COMPILATION_CONDITIONS = "DEBUG $(inherited)";
				SWIFT_OPTIMIZATION_LEVEL = "-Onone";
			};
			name = Debug;
		};
		26C9E23A2B594E34009CAD4C /* Release */ = {
			isa = XCBuildConfiguration;
			buildSettings = {
				ALWAYS_SEARCH_USER_PATHS = NO;
				ASSETCATALOG_COMPILER_GENERATE_SWIFT_ASSET_SYMBOL_EXTENSIONS = YES;
				CLANG_ANALYZER_NONNULL = YES;
				CLANG_ANALYZER_NUMBER_OBJECT_CONVERSION = YES_AGGRESSIVE;
				CLANG_CXX_LANGUAGE_STANDARD = "gnu++20";
				CLANG_ENABLE_MODULES = YES;
				CLANG_ENABLE_OBJC_ARC = YES;
				CLANG_ENABLE_OBJC_WEAK = YES;
				CLANG_WARN_BLOCK_CAPTURE_AUTORELEASING = YES;
				CLANG_WARN_BOOL_CONVERSION = YES;
				CLANG_WARN_COMMA = YES;
				CLANG_WARN_CONSTANT_CONVERSION = YES;
				CLANG_WARN_DEPRECATED_OBJC_IMPLEMENTATIONS = YES;
				CLANG_WARN_DIRECT_OBJC_ISA_USAGE = YES_ERROR;
				CLANG_WARN_DOCUMENTATION_COMMENTS = YES;
				CLANG_WARN_EMPTY_BODY = YES;
				CLANG_WARN_ENUM_CONVERSION = YES;
				CLANG_WARN_INFINITE_RECURSION = YES;
				CLANG_WARN_INT_CONVERSION = YES;
				CLANG_WARN_NON_LITERAL_NULL_CONVERSION = YES;
				CLANG_WARN_OBJC_IMPLICIT_RETAIN_SELF = YES;
				CLANG_WARN_OBJC_LITERAL_CONVERSION = YES;
				CLANG_WARN_OBJC_ROOT_CLASS = YES_ERROR;
				CLANG_WARN_QUOTED_INCLUDE_IN_FRAMEWORK_HEADER = YES;
				CLANG_WARN_RANGE_LOOP_ANALYSIS = YES;
				CLANG_WARN_STRICT_PROTOTYPES = YES;
				CLANG_WARN_SUSPICIOUS_MOVE = YES;
				CLANG_WARN_UNGUARDED_AVAILABILITY = YES_AGGRESSIVE;
				CLANG_WARN_UNREACHABLE_CODE = YES;
				CLANG_WARN__DUPLICATE_METHOD_MATCH = YES;
				COPY_PHASE_STRIP = NO;
				DEBUG_INFORMATION_FORMAT = "dwarf-with-dsym";
				ENABLE_NS_ASSERTIONS = NO;
				ENABLE_STRICT_OBJC_MSGSEND = YES;
				ENABLE_USER_SCRIPT_SANDBOXING = YES;
				GCC_C_LANGUAGE_STANDARD = gnu17;
				GCC_NO_COMMON_BLOCKS = YES;
				GCC_WARN_64_TO_32_BIT_CONVERSION = YES;
				GCC_WARN_ABOUT_RETURN_TYPE = YES_ERROR;
				GCC_WARN_UNDECLARED_SELECTOR = YES;
				GCC_WARN_UNINITIALIZED_AUTOS = YES_AGGRESSIVE;
				GCC_WARN_UNUSED_FUNCTION = YES;
				GCC_WARN_UNUSED_VARIABLE = YES;
				IPHONEOS_DEPLOYMENT_TARGET = 14.0;
				LOCALIZATION_PREFERS_STRING_CATALOGS = YES;
				MTL_ENABLE_DEBUG_INFO = NO;
				MTL_FAST_MATH = YES;
				SDKROOT = iphoneos;
				SWIFT_COMPILATION_MODE = wholemodule;
				VALIDATE_PRODUCT = YES;
			};
			name = Release;
		};
		26C9E23C2B594E34009CAD4C /* Debug */ = {
			isa = XCBuildConfiguration;
			baseConfigurationReference = 26C9E2732B5D923C009CAD4C /* Config.xcconfig */;
			buildSettings = {
				ASSETCATALOG_COMPILER_APPICON_NAME = AppIcon;
				ASSETCATALOG_COMPILER_GLOBAL_ACCENT_COLOR_NAME = AccentColor;
				CODE_SIGN_STYLE = Automatic;
				CURRENT_PROJECT_VERSION = 1;
				DEVELOPMENT_TEAM = 2X3L74F82L;
				GENERATE_INFOPLIST_FILE = YES;
				INFOPLIST_FILE = "Test Leboncoin/Info.plist";
				INFOPLIST_KEY_UIApplicationSupportsIndirectInputEvents = YES;
				INFOPLIST_KEY_UILaunchStoryboardName = LaunchScreen.storyboard;
				INFOPLIST_KEY_UISupportedInterfaceOrientations = UIInterfaceOrientationPortrait;
				INFOPLIST_KEY_UISupportedInterfaceOrientations_iPad = "UIInterfaceOrientationLandscapeLeft UIInterfaceOrientationLandscapeRight UIInterfaceOrientationPortrait";
				IPHONEOS_DEPLOYMENT_TARGET = 14.0;
				LD_RUNPATH_SEARCH_PATHS = (
					"$(inherited)",
					"@executable_path/Frameworks",
				);
				MARKETING_VERSION = 1.0;
				PRODUCT_BUNDLE_IDENTIFIER = "com.raahs.Test-Leboncoin";
				PRODUCT_NAME = "$(TARGET_NAME)";
				SWIFT_EMIT_LOC_STRINGS = YES;
				SWIFT_VERSION = 5.0;
				TARGETED_DEVICE_FAMILY = "1,2";
			};
			name = Debug;
		};
		26C9E23D2B594E34009CAD4C /* Release */ = {
			isa = XCBuildConfiguration;
			buildSettings = {
				ASSETCATALOG_COMPILER_APPICON_NAME = AppIcon;
				ASSETCATALOG_COMPILER_GLOBAL_ACCENT_COLOR_NAME = AccentColor;
				CODE_SIGN_STYLE = Automatic;
				CURRENT_PROJECT_VERSION = 1;
				DEVELOPMENT_TEAM = 2X3L74F82L;
				GENERATE_INFOPLIST_FILE = YES;
				INFOPLIST_FILE = "Test Leboncoin/Info.plist";
				INFOPLIST_KEY_UIApplicationSupportsIndirectInputEvents = YES;
				INFOPLIST_KEY_UILaunchStoryboardName = LaunchScreen.storyboard;
				INFOPLIST_KEY_UISupportedInterfaceOrientations = UIInterfaceOrientationPortrait;
				INFOPLIST_KEY_UISupportedInterfaceOrientations_iPad = "UIInterfaceOrientationLandscapeLeft UIInterfaceOrientationLandscapeRight UIInterfaceOrientationPortrait";
				IPHONEOS_DEPLOYMENT_TARGET = 14.0;
				LD_RUNPATH_SEARCH_PATHS = (
					"$(inherited)",
					"@executable_path/Frameworks",
				);
				MARKETING_VERSION = 1.0;
				PRODUCT_BUNDLE_IDENTIFIER = "com.raahs.Test-Leboncoin";
				PRODUCT_NAME = "$(TARGET_NAME)";
				SWIFT_EMIT_LOC_STRINGS = YES;
				SWIFT_VERSION = 5.0;
				TARGETED_DEVICE_FAMILY = "1,2";
			};
			name = Release;
		};
		26C9E23F2B594E34009CAD4C /* Debug */ = {
			isa = XCBuildConfiguration;
			buildSettings = {
				ALWAYS_EMBED_SWIFT_STANDARD_LIBRARIES = YES;
				BUNDLE_LOADER = "$(TEST_HOST)";
				CODE_SIGN_STYLE = Automatic;
				CURRENT_PROJECT_VERSION = 1;
				DEVELOPMENT_TEAM = 2X3L74F82L;
				GENERATE_INFOPLIST_FILE = YES;
				IPHONEOS_DEPLOYMENT_TARGET = 14.0;
				MARKETING_VERSION = 1.0;
				PRODUCT_BUNDLE_IDENTIFIER = "com.raahs.Test-LeboncoinTests";
				PRODUCT_NAME = "$(TARGET_NAME)";
				SWIFT_EMIT_LOC_STRINGS = NO;
				SWIFT_VERSION = 5.0;
				TARGETED_DEVICE_FAMILY = "1,2";
				TEST_HOST = "$(BUILT_PRODUCTS_DIR)/Test Leboncoin.app/$(BUNDLE_EXECUTABLE_FOLDER_PATH)/Test Leboncoin";
			};
			name = Debug;
		};
		26C9E2402B594E34009CAD4C /* Release */ = {
			isa = XCBuildConfiguration;
			buildSettings = {
				ALWAYS_EMBED_SWIFT_STANDARD_LIBRARIES = YES;
				BUNDLE_LOADER = "$(TEST_HOST)";
				CODE_SIGN_STYLE = Automatic;
				CURRENT_PROJECT_VERSION = 1;
				DEVELOPMENT_TEAM = 2X3L74F82L;
				GENERATE_INFOPLIST_FILE = YES;
				IPHONEOS_DEPLOYMENT_TARGET = 14.0;
				MARKETING_VERSION = 1.0;
				PRODUCT_BUNDLE_IDENTIFIER = "com.raahs.Test-LeboncoinTests";
				PRODUCT_NAME = "$(TARGET_NAME)";
				SWIFT_EMIT_LOC_STRINGS = NO;
				SWIFT_VERSION = 5.0;
				TARGETED_DEVICE_FAMILY = "1,2";
				TEST_HOST = "$(BUILT_PRODUCTS_DIR)/Test Leboncoin.app/$(BUNDLE_EXECUTABLE_FOLDER_PATH)/Test Leboncoin";
			};
			name = Release;
		};
/* End XCBuildConfiguration section */

/* Begin XCConfigurationList section */
		26C9E20C2B594E30009CAD4C /* Build configuration list for PBXProject "Test Leboncoin" */ = {
			isa = XCConfigurationList;
			buildConfigurations = (
				26C9E2392B594E34009CAD4C /* Debug */,
				26C9E23A2B594E34009CAD4C /* Release */,
			);
			defaultConfigurationIsVisible = 0;
			defaultConfigurationName = Release;
		};
		26C9E23B2B594E34009CAD4C /* Build configuration list for PBXNativeTarget "Test Leboncoin" */ = {
			isa = XCConfigurationList;
			buildConfigurations = (
				26C9E23C2B594E34009CAD4C /* Debug */,
				26C9E23D2B594E34009CAD4C /* Release */,
			);
			defaultConfigurationIsVisible = 0;
			defaultConfigurationName = Release;
		};
		26C9E23E2B594E34009CAD4C /* Build configuration list for PBXNativeTarget "Test LeboncoinTests" */ = {
			isa = XCConfigurationList;
			buildConfigurations = (
				26C9E23F2B594E34009CAD4C /* Debug */,
				26C9E2402B594E34009CAD4C /* Release */,
			);
			defaultConfigurationIsVisible = 0;
			defaultConfigurationName = Release;
		};
/* End XCConfigurationList section */
	};
	rootObject = 26C9E2092B594E30009CAD4C /* Project object */;
}
